Microsoft Visual Studio Solution File, Format Version 12.00
# Visual Studio Version 17
VisualStudioVersion = 17.5.2.0
MinimumVisualStudioVersion = 10.0.40219.1
Project("{FAE04EC0-301F-11D3-BF4B-00C04F79EFBC}") = "mvc-bangun-datar", "mvc-bangun-datar.csproj", "{5DA85CAE-E43B-DAF3-5B02-59E4CA15C91E}"
EndProject
Global
	GlobalSection(SolutionConfigurationPlatforms) = preSolution
		Debug|Any CPU = Debug|Any CPU
		Release|Any CPU = Release|Any CPU
	EndGlobalSection
	GlobalSection(ProjectConfigurationPlatforms) = postSolution
		{5DA85CAE-E43B-DAF3-5B02-59E4CA15C91E}.Debug|Any CPU.ActiveCfg = Debug|Any CPU
		{5DA85CAE-E43B-DAF3-5B02-59E4CA15C91E}.Debug|Any CPU.Build.0 = Debug|Any CPU
		{5DA85CAE-E43B-DAF3-5B02-59E4CA15C91E}.Release|Any CPU.ActiveCfg = Release|Any CPU
		{5DA85CAE-E43B-DAF3-5B02-59E4CA15C91E}.Release|Any CPU.Build.0 = Release|Any CPU
	EndGlobalSection
	GlobalSection(SolutionProperties) = preSolution
		HideSolutionNode = FALSE
	EndGlobalSection
	GlobalSection(ExtensibilityGlobals) = postSolution
		SolutionGuid = {321005F5-47DD-433A-8165-C098B03B041B}
	EndGlobalSection
EndGlobal
